# This file is autogenerated, do not edit; changes may be undone by the next 'dep ensure'.


[[projects]]
  branch = "master"
  digest = "1:a57b5b4ebde24d4975b920e0111405cdc989b08c7e9349677a7883c11fb621f1"
  name = "github.com/abiosoft/ishell"
  packages = ["."]
  pruneopts = ""
  revision = "42a9bbfa0017d7243b50b8f542076ef3d5e7da6c"

[[projects]]
  branch = "master"
  digest = "1:8e9e9b413d0d42246340a89debd1d2c2ae0284774462c11a7ea1b1e25d913700"
  name = "github.com/chzyer/readline"
  packages = ["."]
  pruneopts = ""
  revision = "f6d7a1f6fbf35bbf9beb80dc63c56a29dcfb759f"

[[projects]]
  branch = "master"
  digest = "1:ca99a7364c66da3cd5e5da33eb6b8dda29bd112c7e1d0c201b217141cccd5d9a"
  name = "github.com/ernestio/ernest-go-sdk"
  packages = [
    "client",
    "client/builds",
    "client/environments",
    "client/generic",
    "client/loggers",
    "client/notifications",
    "client/policies",
    "client/projects",
    "client/reports",
    "client/roles",
    "client/sessions",
    "client/users",
    "config",
    "connection",
    "models",
  ]
  pruneopts = ""
  revision = "62e55b10eed4fe9a1268d80db50e7047211c1797"

[[projects]]
  digest = "1:c9bebdae4ac52d0c3bbe5876de3d72f3bb05b4986865cdb3f15e305e1dc4fbca"
  name = "github.com/fatih/color"
  packages = ["."]
  pruneopts = ""
  revision = "570b54cabe6b8eb0bc2dfce68d964677d63b5260"
  version = "v1.5.0"

[[projects]]
  branch = "master"
  digest = "1:93a4238f875be092b3bc5c68424a91d8f948d5f0cda99b44bc6de4849047d883"
  name = "github.com/flynn-archive/go-shlex"
  packages = ["."]
  pruneopts = ""
  revision = "3f9db97f856818214da2e1057f8ad84803971cff"

[[projects]]
  digest = "1:9f1e571696860f2b4f8a241b43ce91c6085e7aaed849ccca53f590a4dc7b95bd"
  name = "github.com/fsnotify/fsnotify"
  packages = ["."]
  pruneopts = ""
  revision = "629574ca2a5df945712d3079857300b5e4da0236"
  version = "v1.4.2"

[[projects]]
  digest = "1:64d212c703a2b94054be0ce470303286b177ad260b2f89a307e3d1bb6c073ef6"
  name = "github.com/gorilla/websocket"
  packages = ["."]
  pruneopts = ""
  revision = "ea4d1f681babbce9545c9c5f3d5194a789c89f5b"
  version = "v1.2.0"

[[projects]]
  branch = "master"
  digest = "1:16b2d71e659d8ad254ff5e9ed8c968d77f87f76d114e7018db4b25e8f7f19dfa"
  name = "github.com/gosuri/uilive"
  packages = ["."]
  pruneopts = ""
  revision = "ac356e6e42cd31fcef8e6aec13ae9ed6fe87713e"

[[projects]]
  branch = "master"
  digest = "1:147d671753effde6d3bcd58fc74c1d67d740196c84c280c762a5417319499972"
  name = "github.com/hashicorp/hcl"
  packages = [
    ".",
    "hcl/ast",
    "hcl/parser",
    "hcl/scanner",
    "hcl/strconv",
    "hcl/token",
    "json/parser",
    "json/scanner",
    "json/token",
  ]
  pruneopts = ""
  revision = "23c074d0eceb2b8a5bfdbb271ab780cde70f05a8"

[[projects]]
  branch = "master"
  digest = "1:a4650cd182f57eed38d3583ed62d68eea9b356e0ad7904f9f33185e5ab9459dd"
  name = "github.com/hokaccha/go-prettyjson"
  packages = ["."]
  pruneopts = ""
  revision = "e6b9231a2b1cc5798b336fdbf99c16cd8ad1e0c9"

[[projects]]
  branch = "master"
  digest = "1:f81c8d7354cc0c6340f2f7a48724ee6c2b3db3e918ecd441c985b4d2d97dd3e7"
  name = "github.com/howeyc/gopass"
  packages = ["."]
  pruneopts = ""
  revision = "bf9dde6d0d2c004a008c27aaee91170c786f6db8"

[[projects]]
  digest = "1:739b2038a38cebb50e922d18f4b042c042256320fea2db094814aeef8891e0c1"
  name = "github.com/magiconair/properties"
  packages = ["."]
  pruneopts = ""
  revision = "d419a98cdbed11a922bf76f257b7c4be79b50e73"
  version = "v1.7.4"

[[projects]]
  digest = "1:9ea83adf8e96d6304f394d40436f2eb44c1dc3250d223b74088cc253a6cd0a1c"
  name = "github.com/mattn/go-colorable"
  packages = ["."]
  pruneopts = ""
  revision = "167de6bfdfba052fa6b2d3664c8f5272e23c9072"
  version = "v0.0.9"

[[projects]]
  digest = "1:78229b46ddb7434f881390029bd1af7661294af31f6802e0e1bedaad4ab0af3c"
  name = "github.com/mattn/go-isatty"
  packages = ["."]
  pruneopts = ""
  revision = "0360b2af4f38e8d38c7fce2a9f4e702702d73a39"
  version = "v0.0.3"

[[projects]]
  digest = "1:81e673df85e765593a863f67cba4544cf40e8919590f04d67664940786c2b61a"
  name = "github.com/mattn/go-runewidth"
  packages = ["."]
  pruneopts = ""
  revision = "9e777a8366cce605130a531d2cd6363d07ad7317"
  version = "v0.0.2"

[[projects]]
  branch = "master"
  digest = "1:59d11e81d6fdd12a771321696bb22abdd9a94d26ac864787e98c9b419e428734"
  name = "github.com/mitchellh/go-homedir"
  packages = ["."]
  pruneopts = ""
  revision = "b8bc1bf767474819792c23f32d8286a45736f1c6"

[[projects]]
  branch = "master"
  digest = "1:30a2adc78c422ebd23aac9cfece529954d5eacf9ddbe37345f2a17439f8fa849"
  name = "github.com/mitchellh/mapstructure"
  packages = ["."]
  pruneopts = ""
  revision = "06020f85339e21b2478f756a78e295255ffa4d6a"

[[projects]]
  branch = "master"
  digest = "1:fcb36be3abd0dc761d26591aed850a4b970deea9e095c783788cebf6ccf1267b"
  name = "github.com/olekukonko/tablewriter"
  packages = ["."]
  pruneopts = ""
  revision = "65fec0d89a572b4367094e2058d3ebe667de3b60"

[[projects]]
  digest = "1:9c740db1f7015dffa093aa5c70862d277fe49f5e92b56ca5d0d69ef0e37c01db"
  name = "github.com/pelletier/go-toml"
  packages = ["."]
  pruneopts = ""
  revision = "16398bac157da96aa88f98a2df640c7f32af1da2"
  version = "v1.0.1"

[[projects]]
  branch = "master"
  digest = "1:981dadb58df56fa428999c067eada9bd11b2b88cc6e69d8b9eaead4491022d35"
  name = "github.com/r3labs/diff"
  packages = ["."]
  pruneopts = ""
  revision = "94f6e3434299a8466b500bbf08ee11228d3a3986"

[[projects]]
  digest = "1:df0c85ac4bf609fcce2a831c53a15f37bbb857908b3f5817db22cfd0375416a8"
  name = "github.com/r3labs/sse"
  packages = ["."]
  pruneopts = ""
  revision = "ab73c814bbdece537f16e92302cd99d1618d0e0d"
  version = "1.0.1"

[[projects]]
  branch = "master"
  digest = "1:50b5be512f924d289f20e8b2aef8951d98b9bd8c44666cf169514906df597a4c"
  name = "github.com/skratchdot/open-golang"
  packages = ["open"]
  pruneopts = ""
  revision = "75fb7ed4208cf72d323d7d02fd1a5964a7a9073c"

[[projects]]
  digest = "1:51c61d478cc17dbe13c65857e2fcadd05ec168e7adaa2effe2743d9ba81902bf"
  name = "github.com/spf13/afero"
  packages = [
    ".",
    "mem",
  ]
  pruneopts = ""
  revision = "ec3a3111d1e1bdff38a61e09d5a5f5e974905611"
  version = "v1.0.1"

[[projects]]
  digest = "1:6ff9b74bfea2625f805edec59395dc37e4a06458dd3c14e3372337e3d35a2ed6"
  name = "github.com/spf13/cast"
  packages = ["."]
  pruneopts = ""
  revision = "acbeb36b902d72a7a4c18e8f3241075e7ab763e4"
  version = "v1.1.0"

[[projects]]
  branch = "master"
  digest = "1:5cb42b990db5dc48b8bc23b6ee77b260713ba3244ca495cd1ed89533dc482a49"
  name = "github.com/spf13/jwalterweatherman"
  packages = ["."]
  pruneopts = ""
  revision = "12bd96e66386c1960ab0f74ced1362f66f552f7b"

[[projects]]
  digest = "1:261bc565833ef4f02121450d74eb88d5ae4bd74bfe5d0e862cddb8550ec35000"
  name = "github.com/spf13/pflag"
  packages = ["."]
  pruneopts = ""
  revision = "e57e3eeb33f795204c1ca35f56c44f83227c6e66"
  version = "v1.0.0"

[[projects]]
  digest = "1:59354ad53dfe6ed1b941844cb029cd37c0377598eec3a0d49c03aee2375ef9c4"
  name = "github.com/spf13/viper"
  packages = ["."]
  pruneopts = ""
  revision = "25b30aa063fc18e48662b86996252eabdcf2f0c7"
  version = "v1.0.0"

[[projects]]
  digest = "1:e85837cb04b78f61688c6eba93ea9d14f60d611e2aaf8319999b1a60d2dafbfa"
  name = "github.com/urfave/cli"
  packages = ["."]
  pruneopts = ""
  revision = "cfb38830724cc34fedffe9a2a29fb54fa9169cd1"
  version = "v1.20.0"

[[projects]]
  branch = "master"
  digest = "1:ff7dea5ad362112e8e360ee0dbfeace7b000e93947ae1f39634e7d41daef15a1"
  name = "golang.org/x/crypto"
  packages = ["ssh/terminal"]
  pruneopts = ""
  revision = "0fcca4842a8d74bfddc2c96a073bd2a4d2a7a2e8"

[[projects]]
  branch = "master"
  digest = "1:134679482ac3fd5ecd60c1412510d52272e29e1085bf2dd2d7e79e2d1d38acc0"
  name = "golang.org/x/sys"
  packages = [
    "unix",
    "windows",
  ]
  pruneopts = ""
  revision = "83801418e1b59fb1880e363299581ee543af32ca"

[[projects]]
  branch = "master"
  digest = "1:9f9562b058a594dae0c8e2388c1a802664111736845bc08885246f0e4bf99bdd"
  name = "golang.org/x/text"
  packages = [
    "internal/gen",
    "internal/triegen",
    "internal/ucd",
    "transform",
    "unicode/cldr",
    "unicode/norm",
  ]
  pruneopts = ""
  revision = "e19ae1496984b1c655b8044a65c0300a3c878dd3"

[[projects]]
  branch = "v2"
  digest = "1:689ff977226f366347a2f3bf854c6317dcf5077a4f89ce58cd7c5326b8aeb5fd"
  name = "gopkg.in/yaml.v2"
  packages = ["."]
  pruneopts = ""
  revision = "c95af922eae69f190717a0b7148960af8c55a072"

[solve-meta]
  analyzer-name = "dep"
  analyzer-version = 1
  input-imports = [
    "github.com/abiosoft/ishell",
    "github.com/ernestio/ernest-go-sdk/client",
    "github.com/ernestio/ernest-go-sdk/config",
    "github.com/ernestio/ernest-go-sdk/models",
    "github.com/fatih/color",
    "github.com/gosuri/uilive",
    "github.com/hokaccha/go-prettyjson",
    "github.com/howeyc/gopass",
    "github.com/mitchellh/go-homedir",
    "github.com/mitchellh/mapstructure",
    "github.com/olekukonko/tablewriter",
    "github.com/r3labs/diff",
    "github.com/skratchdot/open-golang/open",
    "github.com/spf13/viper",
    "github.com/urfave/cli",
    "gopkg.in/yaml.v2",
  ]
  solver-name = "gps-cdcl"
  solver-version = 1
